
Microsoft Visual Studio Solution File, Format Version 12.00
# Visual Studio Version 16
VisualStudioVersion = 16.0.30804.86
MinimumVisualStudioVersion = 10.0.40219.1
Project("{FAE04EC0-301F-11D3-BF4B-00C04F79EFBC}") = "BlazorMatchGame", "BlazorMatchGame\BlazorMatchGame.csproj", "{19CB3247-D506-4138-98C4-668CCD8A5E80}"
EndProject
Global
	GlobalSection(SolutionConfigurationPlatforms) = preSolution
		Debug|Any CPU = Debug|Any CPU
		Release|Any CPU = Release|Any CPU
	EndGlobalSection
	GlobalSection(ProjectConfigurationPlatforms) = postSolution
		{19CB3247-D506-4138-98C4-668CCD8A5E80}.Debug|Any CPU.ActiveCfg = Debug|Any CPU
		{19CB3247-D506-4138-98C4-668CCD8A5E80}.Debug|Any CPU.Build.0 = Debug|Any CPU
		{19CB3247-D506-4138-98C4-668CCD8A5E80}.Release|Any CPU.ActiveCfg = Release|Any CPU
		{19CB3247-D506-4138-98C4-668CCD8A5E80}.Release|Any CPU.Build.0 = Release|Any CPU
	EndGlobalSection
	GlobalSection(SolutionProperties) = preSolution
		HideSolutionNode = FALSE
	EndGlobalSection
	GlobalSection(ExtensibilityGlobals) = postSolution
		SolutionGuid = {F5E9F8D3-348F-4481-9C71-020D7A83B0EA}
	EndGlobalSection
EndGlobal
